
Microsoft Visual Studio Solution File, Format Version 12.00
# Visual Studio Version 16
VisualStudioVersion = 16.0.30011.22
MinimumVisualStudioVersion = 10.0.40219.1
Project("{FAE04EC0-301F-11D3-BF4B-00C04F79EFBC}") = "MVC Lab 5-8-2020 VC GC April 2020", "MVC Lab 5-8-2020 VC GC April 2020\MVC Lab 5-8-2020 VC GC April 2020.csproj", "{E29E646E-3EC0-4B15-A9D8-AF3479F2B8C3}"
EndProject
Global
	GlobalSection(SolutionConfigurationPlatforms) = preSolution
		Debug|Any CPU = Debug|Any CPU
		Release|Any CPU = Release|Any CPU
	EndGlobalSection
	GlobalSection(ProjectConfigurationPlatforms) = postSolution
		{E29E646E-3EC0-4B15-A9D8-AF3479F2B8C3}.Debug|Any CPU.ActiveCfg = Debug|Any CPU
		{E29E646E-3EC0-4B15-A9D8-AF3479F2B8C3}.Debug|Any CPU.Build.0 = Debug|Any CPU
		{E29E646E-3EC0-4B15-A9D8-AF3479F2B8C3}.Release|Any CPU.ActiveCfg = Release|Any CPU
		{E29E646E-3EC0-4B15-A9D8-AF3479F2B8C3}.Release|Any CPU.Build.0 = Release|Any CPU
	EndGlobalSection
	GlobalSection(SolutionProperties) = preSolution
		HideSolutionNode = FALSE
	EndGlobalSection
	GlobalSection(ExtensibilityGlobals) = postSolution
		SolutionGuid = {99A857A5-FA4C-4AFE-86FC-E8F998AC3AC2}
	EndGlobalSection
EndGlobal
